
Microsoft Visual Studio Solution File, Format Version 12.00
# Visual Studio 15
VisualStudioVersion = 15.0.28307.705
MinimumVisualStudioVersion = 10.0.40219.1
Project("{FAE04EC0-301F-11D3-BF4B-00C04F79EFBC}") = "ConsoleApp5", "ConsoleApp5\ConsoleApp5.csproj", "{E399DA8C-2DB7-438A-A203-337B35135664}"
EndProject
Global
	GlobalSection(SolutionConfigurationPlatforms) = preSolution
		Debug|Any CPU = Debug|Any CPU
		Release|Any CPU = Release|Any CPU
	EndGlobalSection
	GlobalSection(ProjectConfigurationPlatforms) = postSolution
		{E399DA8C-2DB7-438A-A203-337B35135664}.Debug|Any CPU.ActiveCfg = Debug|Any CPU
		{E399DA8C-2DB7-438A-A203-337B35135664}.Debug|Any CPU.Build.0 = Debug|Any CPU
		{E399DA8C-2DB7-438A-A203-337B35135664}.Release|Any CPU.ActiveCfg = Release|Any CPU
		{E399DA8C-2DB7-438A-A203-337B35135664}.Release|Any CPU.Build.0 = Release|Any CPU
	EndGlobalSection
	GlobalSection(SolutionProperties) = preSolution
		HideSolutionNode = FALSE
	EndGlobalSection
	GlobalSection(ExtensibilityGlobals) = postSolution
		SolutionGuid = {91B56B88-16C0-48C1-8D28-023D7C2FAB76}
	EndGlobalSection
EndGlobal
